
Microsoft Visual Studio Solution File, Format Version 12.00
# Visual Studio Version 17
VisualStudioVersion = 17.10.34928.147
MinimumVisualStudioVersion = 10.0.40219.1
Project("{9A19103F-16F7-4668-BE54-9A1E7A4F7556}") = "CI_Platform.Backend", "CI_Platform.Backend.csproj", "{EB94F7B5-6312-4F6E-84F9-D15C297E92A2}"
EndProject
Project("{9A19103F-16F7-4668-BE54-9A1E7A4F7556}") = "CI_Platform.Repository", "..\CI_Platform.Repository\CI_Platform.Repository.csproj", "{42F877A6-0245-45A3-8F86-0BCF64FDB5CD}"
EndProject
Project("{9A19103F-16F7-4668-BE54-9A1E7A4F7556}") = "CI_Platform.Service", "..\CI_Platform.Service\CI_Platform.Service.csproj", "{D0CB245C-603C-4550-93AF-2584D762F842}"
EndProject
Project("{9A19103F-16F7-4668-BE54-9A1E7A4F7556}") = "CI_Platform.Entity", "..\CI_Platform.Entity\CI_Platform.Entity.csproj", "{9C2101C1-F63C-4D79-90B7-B45163D7E2AB}"
EndProject
Project("{FAE04EC0-301F-11D3-BF4B-00C04F79EFBC}") = "CI_Platform.Helper", "..\CI_Platform.Helper\CI_Platform.Helper.csproj", "{B6CAD32A-1499-47E9-A479-F016ACD01174}"
EndProject
Global
	GlobalSection(SolutionConfigurationPlatforms) = preSolution
		Debug|Any CPU = Debug|Any CPU
		Release|Any CPU = Release|Any CPU
	EndGlobalSection
	GlobalSection(ProjectConfigurationPlatforms) = postSolution
		{EB94F7B5-6312-4F6E-84F9-D15C297E92A2}.Debug|Any CPU.ActiveCfg = Debug|Any CPU
		{EB94F7B5-6312-4F6E-84F9-D15C297E92A2}.Debug|Any CPU.Build.0 = Debug|Any CPU
		{EB94F7B5-6312-4F6E-84F9-D15C297E92A2}.Release|Any CPU.ActiveCfg = Release|Any CPU
		{EB94F7B5-6312-4F6E-84F9-D15C297E92A2}.Release|Any CPU.Build.0 = Release|Any CPU
		{42F877A6-0245-45A3-8F86-0BCF64FDB5CD}.Debug|Any CPU.ActiveCfg = Debug|Any CPU
		{42F877A6-0245-45A3-8F86-0BCF64FDB5CD}.Debug|Any CPU.Build.0 = Debug|Any CPU
		{42F877A6-0245-45A3-8F86-0BCF64FDB5CD}.Release|Any CPU.ActiveCfg = Release|Any CPU
		{42F877A6-0245-45A3-8F86-0BCF64FDB5CD}.Release|Any CPU.Build.0 = Release|Any CPU
		{D0CB245C-603C-4550-93AF-2584D762F842}.Debug|Any CPU.ActiveCfg = Debug|Any CPU
		{D0CB245C-603C-4550-93AF-2584D762F842}.Debug|Any CPU.Build.0 = Debug|Any CPU
		{D0CB245C-603C-4550-93AF-2584D762F842}.Release|Any CPU.ActiveCfg = Release|Any CPU
		{D0CB245C-603C-4550-93AF-2584D762F842}.Release|Any CPU.Build.0 = Release|Any CPU
		{9C2101C1-F63C-4D79-90B7-B45163D7E2AB}.Debug|Any CPU.ActiveCfg = Debug|Any CPU
		{9C2101C1-F63C-4D79-90B7-B45163D7E2AB}.Debug|Any CPU.Build.0 = Debug|Any CPU
		{9C2101C1-F63C-4D79-90B7-B45163D7E2AB}.Release|Any CPU.ActiveCfg = Release|Any CPU
		{9C2101C1-F63C-4D79-90B7-B45163D7E2AB}.Release|Any CPU.Build.0 = Release|Any CPU
		{B6CAD32A-1499-47E9-A479-F016ACD01174}.Debug|Any CPU.ActiveCfg = Debug|Any CPU
		{B6CAD32A-1499-47E9-A479-F016ACD01174}.Debug|Any CPU.Build.0 = Debug|Any CPU
		{B6CAD32A-1499-47E9-A479-F016ACD01174}.Release|Any CPU.ActiveCfg = Release|Any CPU
		{B6CAD32A-1499-47E9-A479-F016ACD01174}.Release|Any CPU.Build.0 = Release|Any CPU
	EndGlobalSection
	GlobalSection(SolutionProperties) = preSolution
		HideSolutionNode = FALSE
	EndGlobalSection
	GlobalSection(ExtensibilityGlobals) = postSolution
		SolutionGuid = {1C049D28-98DE-40DF-A25C-39891380BAA1}
	EndGlobalSection
EndGlobal
